<?xml version="1.0" encoding="utf-8"?>
<Project ToolsVersion="4.0" xmlns="http://schemas.microsoft.com/developer/msbuild/2003">
  <ItemGroup>
    <Filter Include="Commands">
      <UniqueIdentifier>{a01dfcf4-36bd-42d6-8593-2ad6cb84c0e0}</UniqueIdentifier>
    </Filter>
    <Filter Include="Exceptions">
      <UniqueIdentifier>{f6b5791e-d43a-43ab-b242-8e522135ca22}</UniqueIdentifier>
    </Filter>
    <Filter Include="Messaging">
      <UniqueIdentifier>{2be4c544-0e51-42cd-8a83-51327fee3d2e}</UniqueIdentifier>
    </Filter>
    <Filter Include="Plugins">
      <UniqueIdentifier>{235d2faf-f0ba-48d2-a7b9-de37a58d3e6b}</UniqueIdentifier>
    </Filter>
    <Filter Include="Logging">
      <UniqueIdentifier>{97ed831b-fad1-4de0-8337-2fe37b95d073}</UniqueIdentifier>
    </Filter>
    <Filter Include="External">
      <UniqueIdentifier>{368e93c7-ad8c-405b-9182-3a1cc2e8047d}</UniqueIdentifier>
    </Filter>
    <Filter Include="Messages">
      <UniqueIdentifier>{5bdda3e7-8531-4e04-abe0-414f5d086b53}</UniqueIdentifier>
    </Filter>
    <Filter Include="Pages">
      <UniqueIdentifier>{33603f5e-cc74-44da-ad11-cf830c6a1ba1}</UniqueIdentifier>
    </Filter>
  </ItemGroup>
  <ItemGroup>
    <ClInclude Include="Commands\IMatcher.h">
      <Filter>Commands</Filter>
    </ClInclude>
    <ClInclude Include="Exceptions\NotFoundException.h">
      <Filter>Exceptions</Filter>
    </ClInclude>
    <ClInclude Include="Commands\ICommand.h">
      <Filter>Commands</Filter>
    </ClInclude>
    <ClInclude Include="Commands\IParser.h">
      <Filter>Commands</Filter>
    </ClInclude>
    <ClInclude Include="Commands\ICommandExecutor.h">
      <Filter>Commands</Filter>
    </ClInclude>
    <ClInclude Include="Messaging\IMessage.h">
      <Filter>Messaging</Filter>
    </ClInclude>
    <ClInclude Include="Messaging\Messenger.h">
      <Filter>Messaging</Filter>
    </ClInclude>
    <ClInclude Include="IProtocol.h" />
    <ClInclude Include="Plugins\IPlugin.h">
      <Filter>Plugins</Filter>
    </ClInclude>
    <ClInclude Include="Plugins\PluginManager.h">
      <Filter>Plugins</Filter>
    </ClInclude>
    <ClInclude Include="Logging\LogFactory.h">
      <Filter>Logging</Filter>
    </ClInclude>
    <ClInclude Include="Commands\ExecutionContext.h">
      <Filter>Commands</Filter>
    </ClInclude>
    <ClInclude Include="UserMessage.h" />
    <ClInclude Include="Commands\ParseResults.h">
      <Filter>Commands</Filter>
    </ClInclude>
    <ClInclude Include="Commands\CommandExecutionResults.h">
      <Filter>Commands</Filter>
    </ClInclude>
    <ClInclude Include="Application.h" />
    <ClInclude Include="Logging\IOutput.h">
      <Filter>Logging</Filter>
    </ClInclude>
    <ClInclude Include="Logging\Logger.h">
      <Filter>Logging</Filter>
    </ClInclude>
    <ClInclude Include="Exceptions\ExecutionException.h">
      <Filter>Exceptions</Filter>
    </ClInclude>
    <ClInclude Include="ApplicationContext.h" />
    <ClInclude Include="External\format.h">
      <Filter>External</Filter>
    </ClInclude>
    <ClInclude Include="External\jsonxx.h">
      <Filter>External</Filter>
    </ClInclude>
    <ClInclude Include="Config.h" />
    <ClInclude Include="Messages\SendMessage.h">
      <Filter>Messages</Filter>
    </ClInclude>
    <ClInclude Include="Messages\ProtocolFailure.h">
      <Filter>Messages</Filter>
    </ClInclude>
    <ClInclude Include="Messages\ShutdownRequest.h">
      <Filter>Messages</Filter>
    </ClInclude>
    <ClInclude Include="Messages\Messages.h">
      <Filter>Messages</Filter>
    </ClInclude>
    <ClInclude Include="UserData.h" />
    <ClInclude Include="Other.h" />
    <ClInclude Include="Messages\AsyncExecutionFailure.h">
      <Filter>Messages</Filter>
    </ClInclude>
    <ClInclude Include="Messages\ImageReceived.h">
      <Filter>Messages</Filter>
    </ClInclude>
    <ClInclude Include="Messages\AsyncCommandExecuted.h">
      <Filter>Messages</Filter>
    </ClInclude>
  </ItemGroup>
  <ItemGroup>
    <ClCompile Include="Main.cpp" />
    <ClCompile Include="Messaging\Messenger.cpp">
      <Filter>Messaging</Filter>
    </ClCompile>
    <ClCompile Include="Logging\Outputs.cpp">
      <Filter>Logging</Filter>
    </ClCompile>
    <ClCompile Include="Logging\Logger.cpp">
      <Filter>Logging</Filter>
    </ClCompile>
    <ClCompile Include="Logging\LogFactory.cpp">
      <Filter>Logging</Filter>
    </ClCompile>
    <ClCompile Include="Commands\DefaultParser.cpp">
      <Filter>Commands</Filter>
    </ClCompile>
    <ClCompile Include="Commands\Matchers.cpp">
      <Filter>Commands</Filter>
    </ClCompile>
    <ClCompile Include="Commands\DefaultCommandExecutor.cpp">
      <Filter>Commands</Filter>
    </ClCompile>
    <ClCompile Include="External\format.cc">
      <Filter>External</Filter>
    </ClCompile>
    <ClCompile Include="External\jsonxx.cc">
      <Filter>External</Filter>
    </ClCompile>
    <ClCompile Include="Plugins\PluginManager.cpp">
      <Filter>Plugins</Filter>
    </ClCompile>
    <ClCompile Include="Application.cpp" />
    <ClCompile Include="Messages\MessageReceived.h">
      <Filter>Messages</Filter>
    </ClCompile>
    <ClCompile Include="UserData.cpp" />
    <ClCompile Include="Other.cpp" />
  </ItemGroup>
  <ItemGroup>
    <None Include="config.json" />
    <None Include="Pages\page_json_spec.md">
      <Filter>Pages</Filter>
    </None>
  </ItemGroup>
</Project>