<?xml version="1.0" encoding="utf-8"?>
<Project ToolsVersion="4.0" xmlns="http://schemas.microsoft.com/developer/msbuild/2003">
  <ItemGroup>
    <Filter Include="Commands">
      <UniqueIdentifier>{a01dfcf4-36bd-42d6-8593-2ad6cb84c0e0}</UniqueIdentifier>
    </Filter>
    <Filter Include="Exceptions">
      <UniqueIdentifier>{f6b5791e-d43a-43ab-b242-8e522135ca22}</UniqueIdentifier>
    </Filter>
    <Filter Include="Messaging">
      <UniqueIdentifier>{2be4c544-0e51-42cd-8a83-51327fee3d2e}</UniqueIdentifier>
    </Filter>
    <Filter Include="Plugins">
      <UniqueIdentifier>{235d2faf-f0ba-48d2-a7b9-de37a58d3e6b}</UniqueIdentifier>
    </Filter>
    <Filter Include="Logging">
      <UniqueIdentifier>{97ed831b-fad1-4de0-8337-2fe37b95d073}</UniqueIdentifier>
    </Filter>
  </ItemGroup>
  <ItemGroup>
    <ClInclude Include="Commands\IMatcher.h">
      <Filter>Commands</Filter>
    </ClInclude>
    <ClInclude Include="Exceptions\NotFoundException.h">
      <Filter>Exceptions</Filter>
    </ClInclude>
    <ClInclude Include="Commands\ICommand.h">
      <Filter>Commands</Filter>
    </ClInclude>
    <ClInclude Include="Commands\IParser.h">
      <Filter>Commands</Filter>
    </ClInclude>
    <ClInclude Include="Commands\ExecutionException.h">
      <Filter>Commands</Filter>
    </ClInclude>
    <ClInclude Include="Commands\ICommandExecutor.h">
      <Filter>Commands</Filter>
    </ClInclude>
    <ClInclude Include="Messaging\IMessage.h">
      <Filter>Messaging</Filter>
    </ClInclude>
    <ClInclude Include="Messaging\Messenger.h">
      <Filter>Messaging</Filter>
    </ClInclude>
    <ClInclude Include="IProtocol.h" />
    <ClInclude Include="Plugins\IPlugin.h">
      <Filter>Plugins</Filter>
    </ClInclude>
    <ClInclude Include="Plugins\PluginManager.h">
      <Filter>Plugins</Filter>
    </ClInclude>
    <ClInclude Include="Logging\ILogger.h">
      <Filter>Logging</Filter>
    </ClInclude>
    <ClInclude Include="Logging\LogFactory.h">
      <Filter>Logging</Filter>
    </ClInclude>
    <ClInclude Include="Commands\ExecutionContext.h">
      <Filter>Commands</Filter>
    </ClInclude>
    <ClInclude Include="UserMessage.h" />
    <ClInclude Include="Commands\ParseResults.h">
      <Filter>Commands</Filter>
    </ClInclude>
    <ClInclude Include="Commands\CommandExecutionResults.h">
      <Filter>Commands</Filter>
    </ClInclude>
    <ClInclude Include="Application.h" />
  </ItemGroup>
  <ItemGroup>
    <ClCompile Include="Main.cpp" />
    <ClCompile Include="Messaging\Messenger.cpp">
      <Filter>Messaging</Filter>
    </ClCompile>
  </ItemGroup>
</Project>