<?xml version="1.0" encoding="utf-8"?>
<Project ToolsVersion="4.0" xmlns="http://schemas.microsoft.com/developer/msbuild/2003">
  <ItemGroup>
    <ClCompile Include="FilesystemPlugin.cpp" />
    <ClCompile Include="..\PluggableBot\External\format.cc">
      <Filter>External</Filter>
    </ClCompile>
    <ClCompile Include="CatCommand.cpp" />
    <ClCompile Include="MvCommand.cpp" />
    <ClCompile Include="RmCommand.cpp" />
    <ClCompile Include="CDCommand.cpp" />
    <ClCompile Include="PWDCommand.cpp" />
    <ClCompile Include="Helper.cpp" />
    <ClCompile Include="ExecuteCommand.cpp" />
  </ItemGroup>
  <ItemGroup>
    <ClInclude Include="FilesystemPlugin.h" />
    <ClInclude Include="CatCommand.h" />
    <ClInclude Include="MvCommand.h" />
    <ClInclude Include="RmCommand.h" />
    <ClInclude Include="CDCommand.h" />
    <ClInclude Include="PWDCommand.h" />
    <ClInclude Include="Helper.h" />
    <ClInclude Include="ExecuteCommand.h" />
  </ItemGroup>
  <ItemGroup>
    <Filter Include="External">
      <UniqueIdentifier>{1528901c-e388-448a-904c-d7ee446af939}</UniqueIdentifier>
    </Filter>
  </ItemGroup>
</Project>